
Microsoft Visual Studio Solution File, Format Version 12.00
# Visual Studio Version 16
VisualStudioVersion = 16.0.31025.194
MinimumVisualStudioVersion = 10.0.40219.1
Project("{FAE04EC0-301F-11D3-BF4B-00C04F79EFBC}") = "TravelTimeCalc", "TravelTimeCalc\TravelTimeCalc.csproj", "{8BE3AE58-F945-49A1-9875-ED8C3C6EA81D}"
EndProject
Global
	GlobalSection(SolutionConfigurationPlatforms) = preSolution
		Debug|Any CPU = Debug|Any CPU
		Release|Any CPU = Release|Any CPU
	EndGlobalSection
	GlobalSection(ProjectConfigurationPlatforms) = postSolution
		{8BE3AE58-F945-49A1-9875-ED8C3C6EA81D}.Debug|Any CPU.ActiveCfg = Debug|Any CPU
		{8BE3AE58-F945-49A1-9875-ED8C3C6EA81D}.Debug|Any CPU.Build.0 = Debug|Any CPU
		{8BE3AE58-F945-49A1-9875-ED8C3C6EA81D}.Release|Any CPU.ActiveCfg = Release|Any CPU
		{8BE3AE58-F945-49A1-9875-ED8C3C6EA81D}.Release|Any CPU.Build.0 = Release|Any CPU
	EndGlobalSection
	GlobalSection(SolutionProperties) = preSolution
		HideSolutionNode = FALSE
	EndGlobalSection
	GlobalSection(ExtensibilityGlobals) = postSolution
		SolutionGuid = {D75961AF-7DBD-46E2-A2A1-E9A9926F03F7}
	EndGlobalSection
EndGlobal
