
Microsoft Visual Studio Solution File, Format Version 12.00
# Visual Studio Version 16
VisualStudioVersion = 16.0.31025.194
MinimumVisualStudioVersion = 10.0.40219.1
Project("{FAE04EC0-301F-11D3-BF4B-00C04F79EFBC}") = "Bmdb-Console", "Bmdb-Console\Bmdb-Console.csproj", "{1CBC32E7-36C6-4CC1-A9DC-535AE65D4311}"
EndProject
Global
	GlobalSection(SolutionConfigurationPlatforms) = preSolution
		Debug|Any CPU = Debug|Any CPU
		Release|Any CPU = Release|Any CPU
	EndGlobalSection
	GlobalSection(ProjectConfigurationPlatforms) = postSolution
		{1CBC32E7-36C6-4CC1-A9DC-535AE65D4311}.Debug|Any CPU.ActiveCfg = Debug|Any CPU
		{1CBC32E7-36C6-4CC1-A9DC-535AE65D4311}.Debug|Any CPU.Build.0 = Debug|Any CPU
		{1CBC32E7-36C6-4CC1-A9DC-535AE65D4311}.Release|Any CPU.ActiveCfg = Release|Any CPU
		{1CBC32E7-36C6-4CC1-A9DC-535AE65D4311}.Release|Any CPU.Build.0 = Release|Any CPU
	EndGlobalSection
	GlobalSection(SolutionProperties) = preSolution
		HideSolutionNode = FALSE
	EndGlobalSection
	GlobalSection(ExtensibilityGlobals) = postSolution
		SolutionGuid = {CC308DAA-1D6E-4E16-B5AB-1E9A3FD3545F}
	EndGlobalSection
EndGlobal
